
Microsoft Visual Studio Solution File, Format Version 12.00
# Visual Studio Version 17
VisualStudioVersion = 17.11.35208.52
MinimumVisualStudioVersion = 10.0.40219.1
Project("{FAE04EC0-301F-11D3-BF4B-00C04F79EFBC}") = "zstio-tv", "zstio-tv.csproj", "{4956286D-C969-468E-9999-F2C52CCD1E06}"
EndProject
Global
	GlobalSection(SolutionConfigurationPlatforms) = preSolution
		Debug|Any CPU = Debug|Any CPU
		Debug|x64 = Debug|x64
		Release|Any CPU = Release|Any CPU
		Release|x64 = Release|x64
	EndGlobalSection
	GlobalSection(ProjectConfigurationPlatforms) = postSolution
		{4956286D-C969-468E-9999-F2C52CCD1E06}.Debug|Any CPU.ActiveCfg = Release|Any CPU
		{4956286D-C969-468E-9999-F2C52CCD1E06}.Debug|Any CPU.Build.0 = Release|Any CPU
		{4956286D-C969-468E-9999-F2C52CCD1E06}.Debug|x64.ActiveCfg = Debug|x64
		{4956286D-C969-468E-9999-F2C52CCD1E06}.Debug|x64.Build.0 = Debug|x64
		{4956286D-C969-468E-9999-F2C52CCD1E06}.Release|Any CPU.ActiveCfg = Release|Any CPU
		{4956286D-C969-468E-9999-F2C52CCD1E06}.Release|Any CPU.Build.0 = Release|Any CPU
		{4956286D-C969-468E-9999-F2C52CCD1E06}.Release|x64.ActiveCfg = Release|x64
		{4956286D-C969-468E-9999-F2C52CCD1E06}.Release|x64.Build.0 = Release|x64
	EndGlobalSection
	GlobalSection(SolutionProperties) = preSolution
		HideSolutionNode = FALSE
	EndGlobalSection
	GlobalSection(ExtensibilityGlobals) = postSolution
		SolutionGuid = {1D06775E-7072-4526-B2AB-FE8215A59DF9}
	EndGlobalSection
EndGlobal
